
Microsoft Visual Studio Solution File, Format Version 12.00
# Visual Studio Version 16
VisualStudioVersion = 16.0.31112.23
MinimumVisualStudioVersion = 10.0.40219.1
Project("{FAE04EC0-301F-11D3-BF4B-00C04F79EFBC}") = "DS_ProgressBar_FW4.8", "DS_ProgressBar_FW4.8.csproj", "{CBA7FEA7-6155-4796-A00F-15449720F4CA}"
EndProject
Global
	GlobalSection(SolutionConfigurationPlatforms) = preSolution
		Debug|Any CPU = Debug|Any CPU
		Release|Any CPU = Release|Any CPU
	EndGlobalSection
	GlobalSection(ProjectConfigurationPlatforms) = postSolution
		{CBA7FEA7-6155-4796-A00F-15449720F4CA}.Debug|Any CPU.ActiveCfg = Debug|Any CPU
		{CBA7FEA7-6155-4796-A00F-15449720F4CA}.Debug|Any CPU.Build.0 = Debug|Any CPU
		{CBA7FEA7-6155-4796-A00F-15449720F4CA}.Release|Any CPU.ActiveCfg = Release|Any CPU
		{CBA7FEA7-6155-4796-A00F-15449720F4CA}.Release|Any CPU.Build.0 = Release|Any CPU
	EndGlobalSection
	GlobalSection(SolutionProperties) = preSolution
		HideSolutionNode = FALSE
	EndGlobalSection
	GlobalSection(ExtensibilityGlobals) = postSolution
		SolutionGuid = {CEFB5A85-1509-492A-BBB0-FABDCBA2F5D0}
	EndGlobalSection
EndGlobal
